
Microsoft Visual Studio Solution File, Format Version 12.00
# Visual Studio Version 17
VisualStudioVersion = 17.14.36429.23 d17.14
MinimumVisualStudioVersion = 10.0.40219.1
Project("{FAE04EC0-301F-11D3-BF4B-00C04F79EFBC}") = "Zadacha za domashna 14.01.26", "Zadacha za domashna 14.01.26\Zadacha za domashna 14.01.26.csproj", "{4C1D840F-8FD2-457B-A04B-30BC045D5395}"
EndProject
Global
	GlobalSection(SolutionConfigurationPlatforms) = preSolution
		Debug|Any CPU = Debug|Any CPU
		Release|Any CPU = Release|Any CPU
	EndGlobalSection
	GlobalSection(ProjectConfigurationPlatforms) = postSolution
		{4C1D840F-8FD2-457B-A04B-30BC045D5395}.Debug|Any CPU.ActiveCfg = Debug|Any CPU
		{4C1D840F-8FD2-457B-A04B-30BC045D5395}.Debug|Any CPU.Build.0 = Debug|Any CPU
		{4C1D840F-8FD2-457B-A04B-30BC045D5395}.Release|Any CPU.ActiveCfg = Release|Any CPU
		{4C1D840F-8FD2-457B-A04B-30BC045D5395}.Release|Any CPU.Build.0 = Release|Any CPU
	EndGlobalSection
	GlobalSection(SolutionProperties) = preSolution
		HideSolutionNode = FALSE
	EndGlobalSection
	GlobalSection(ExtensibilityGlobals) = postSolution
		SolutionGuid = {12C92E0A-2A6D-463F-AA95-D128C179CF64}
	EndGlobalSection
EndGlobal
