
Microsoft Visual Studio Solution File, Format Version 12.00
# Visual Studio Version 17
VisualStudioVersion = 17.14.36429.23 d17.14
MinimumVisualStudioVersion = 10.0.40219.1
Project("{FAE04EC0-301F-11D3-BF4B-00C04F79EFBC}") = "Project 11", "Project 11\Project 11.csproj", "{3841C073-DDEC-47D2-8B1B-D6939BA44C1A}"
EndProject
Global
	GlobalSection(SolutionConfigurationPlatforms) = preSolution
		Debug|Any CPU = Debug|Any CPU
		Release|Any CPU = Release|Any CPU
	EndGlobalSection
	GlobalSection(ProjectConfigurationPlatforms) = postSolution
		{3841C073-DDEC-47D2-8B1B-D6939BA44C1A}.Debug|Any CPU.ActiveCfg = Debug|Any CPU
		{3841C073-DDEC-47D2-8B1B-D6939BA44C1A}.Debug|Any CPU.Build.0 = Debug|Any CPU
		{3841C073-DDEC-47D2-8B1B-D6939BA44C1A}.Release|Any CPU.ActiveCfg = Release|Any CPU
		{3841C073-DDEC-47D2-8B1B-D6939BA44C1A}.Release|Any CPU.Build.0 = Release|Any CPU
	EndGlobalSection
	GlobalSection(SolutionProperties) = preSolution
		HideSolutionNode = FALSE
	EndGlobalSection
	GlobalSection(ExtensibilityGlobals) = postSolution
		SolutionGuid = {63989FDA-10D9-40BA-9E0C-8FAC32E935EF}
	EndGlobalSection
EndGlobal
